// !$*UTF8*$!
{
	archiveVersion = 1;
	classes = {
	};
	objectVersion = 46;
	objects = {

/* Begin PBXBuildFile section */
		49FE20491E8A9BDF00A55AA3 /* AppDelegate.swift in Sources */ = {isa = PBXBuildFile; fileRef = 49FE20481E8A9BDF00A55AA3 /* AppDelegate.swift */; };
		49FE204B1E8A9BDF00A55AA3 /* ViewController.swift in Sources */ = {isa = PBXBuildFile; fileRef = 49FE204A1E8A9BDF00A55AA3 /* ViewController.swift */; };
		49FE204E1E8A9BDF00A55AA3 /* Main.storyboard in Resources */ = {isa = PBXBuildFile; fileRef = 49FE204C1E8A9BDF00A55AA3 /* Main.storyboard */; };
		49FE20501E8A9BDF00A55AA3 /* Assets.xcassets in Resources */ = {isa = PBXBuildFile; fileRef = 49FE204F1E8A9BDF00A55AA3 /* Assets.xcassets */; };
		49FE20531E8A9BDF00A55AA3 /* LaunchScreen.storyboard in Resources */ = {isa = PBXBuildFile; fileRef = 49FE20511E8A9BDF00A55AA3 /* LaunchScreen.storyboard */; };
		49FE205E1E8A9BDF00A55AA3 /* testTests.swift in Sources */ = {isa = PBXBuildFile; fileRef = 49FE205D1E8A9BDF00A55AA3 /* testTests.swift */; };
		49FE20691E8A9BDF00A55AA3 /* testUITests.swift in Sources */ = {isa = PBXBuildFile; fileRef = 49FE20681E8A9BDF00A55AA3 /* testUITests.swift */; };
/* End PBXBuildFile section */

/* Begin PBXContainerItemProxy section */
		49FE205A1E8A9BDF00A55AA3 /* PBXContainerItemProxy */ = {
			isa = PBXContainerItemProxy;
			containerPortal = 49FE203D1E8A9BDE00A55AA3 /* Project object */;
			proxyType = 1;
			remoteGlobalIDString = 49FE20441E8A9BDE00A55AA3;
			remoteInfo = test;
		};
		49FE20651E8A9BDF00A55AA3 /* PBXContainerItemProxy */ = {
			isa = PBXContainerItemProxy;
			containerPortal = 49FE203D1E8A9BDE00A55AA3 /* Project object */;
			proxyType = 1;
			remoteGlobalIDString = 49FE20441E8A9BDE00A55AA3;
			remoteInfo = test;
		};
/* End PBXContainerItemProxy section */

/* Begin PBXFileReference section */
		49FE20451E8A9BDF00A55AA3 /* test.app */ = {isa = PBXFileReference; explicitFileType = wrapper.application; includeInIndex = 0; path = test.app; sourceTree = BUILT_PRODUCTS_DIR; };
		49FE20481E8A9BDF00A55AA3 /* AppDelegate.swift */ = {isa = PBXFileReference; lastKnownFileType = sourcecode.swift; path = AppDelegate.swift; sourceTree = "<group>"; };
		49FE204A1E8A9BDF00A55AA3 /* ViewController.swift */ = {isa = PBXFileReference; lastKnownFileType = sourcecode.swift; path = ViewController.swift; sourceTree = "<group>"; };
		49FE204D1E8A9BDF00A55AA3 /* Base */ = {isa = PBXFileReference; lastKnownFileType = file.storyboard; name = Base; path = Base.lproj/Main.storyboard; sourceTree = "<group>"; };
		49FE204F1E8A9BDF00A55AA3 /* Assets.xcassets */ = {isa = PBXFileReference; lastKnownFileType = folder.assetcatalog; path = Assets.xcassets; sourceTree = "<group>"; };
		49FE20521E8A9BDF00A55AA3 /* Base */ = {isa = PBXFileReference; lastKnownFileType = file.storyboard; name = Base; path = Base.lproj/LaunchScreen.storyboard; sourceTree = "<group>"; };
		49FE20541E8A9BDF00A55AA3 /* Info.plist */ = {isa = PBXFileReference; lastKnownFileType = text.plist.xml; path = Info.plist; sourceTree = "<group>"; };
		49FE20591E8A9BDF00A55AA3 /* testTests.xctest */ = {isa = PBXFileReference; explicitFileType = wrapper.cfbundle; includeInIndex = 0; path = testTests.xctest; sourceTree = BUILT_PRODUCTS_DIR; };
		49FE205D1E8A9BDF00A55AA3 /* testTests.swift */ = {isa = PBXFileReference; lastKnownFileType = sourcecode.swift; path = testTests.swift; sourceTree = "<group>"; };
		49FE205F1E8A9BDF00A55AA3 /* Info.plist */ = {isa = PBXFileReference; lastKnownFileType = text.plist.xml; path = Info.plist; sourceTree = "<group>"; };
		49FE20641E8A9BDF00A55AA3 /* testUITests.xctest */ = {isa = PBXFileReference; explicitFileType = wrapper.cfbundle; includeInIndex = 0; path = testUITests.xctest; sourceTree = BUILT_PRODUCTS_DIR; };
		49FE20681E8A9BDF00A55AA3 /* testUITests.swift */ = {isa = PBXFileReference; lastKnownFileType = sourcecode.swift; path = testUITests.swift; sourceTree = "<group>"; };
		49FE206A1E8A9BDF00A55AA3 /* Info.plist */ = {isa = PBXFileReference; lastKnownFileType = text.plist.xml; path = Info.plist; sourceTree = "<group>"; };
/* End PBXFileReference section */

/* Begin PBXFrameworksBuildPhase section */
		49FE20421E8A9BDE00A55AA3 /* Frameworks */ = {
			isa = PBXFrameworksBuildPhase;
			buildActionMask = 2147483647;
			files = (
			);
			runOnlyForDeploymentPostprocessing = 0;
		};
		49FE20561E8A9BDF00A55AA3 /* Frameworks */ = {
			isa = PBXFrameworksBuildPhase;
			buildActionMask = 2147483647;
			files = (
			);
			runOnlyForDeploymentPostprocessing = 0;
		};
		49FE20611E8A9BDF00A55AA3 /* Frameworks */ = {
			isa = PBXFrameworksBuildPhase;
			buildActionMask = 2147483647;
			files = (
			);
			runOnlyForDeploymentPostprocessing = 0;
		};
/* End PBXFrameworksBuildPhase section */

/* Begin PBXGroup section */
		49FE203C1E8A9BDE00A55AA3 = {
			isa = PBXGroup;
			children = (
				49FE20471E8A9BDF00A55AA3 /* test */,
				49FE205C1E8A9BDF00A55AA3 /* testTests */,
				49FE20671E8A9BDF00A55AA3 /* testUITests */,
				49FE20461E8A9BDF00A55AA3 /* Products */,
			);
			sourceTree = "<group>";
		};
		49FE20461E8A9BDF00A55AA3 /* Products */ = {
			isa = PBXGroup;
			children = (
				49FE20451E8A9BDF00A55AA3 /* test.app */,
				49FE20591E8A9BDF00A55AA3 /* testTests.xctest */,
				49FE20641E8A9BDF00A55AA3 /* testUITests.xctest */,
			);
			name = Products;
			sourceTree = "<group>";
		};
		49FE20471E8A9BDF00A55AA3 /* test */ = {
			isa = PBXGroup;
			children = (
				49FE20481E8A9BDF00A55AA3 /* AppDelegate.swift */,
				49FE204A1E8A9BDF00A55AA3 /* ViewController.swift */,
				49FE204C1E8A9BDF00A55AA3 /* Main.storyboard */,
				49FE204F1E8A9BDF00A55AA3 /* Assets.xcassets */,
				49FE20511E8A9BDF00A55AA3 /* LaunchScreen.storyboard */,
				49FE20541E8A9BDF00A55AA3 /* Info.plist */,
			);
			path = test;
			sourceTree = "<group>";
		};
		49FE205C1E8A9BDF00A55AA3 /* testTests */ = {
			isa = PBXGroup;
			children = (
				49FE205D1E8A9BDF00A55AA3 /* testTests.swift */,
				49FE205F1E8A9BDF00A55AA3 /* Info.plist */,
			);
			path = testTests;
			sourceTree = "<group>";
		};
		49FE20671E8A9BDF00A55AA3 /* testUITests */ = {
			isa = PBXGroup;
			children = (
				49FE20681E8A9BDF00A55AA3 /* testUITests.swift */,
				49FE206A1E8A9BDF00A55AA3 /* Info.plist */,
			);
			path = testUITests;
			sourceTree = "<group>";
		};
/* End PBXGroup section */

/* Begin PBXNativeTarget section */
		49FE20441E8A9BDE00A55AA3 /* test */ = {
			isa = PBXNativeTarget;
			buildConfigurationList = 49FE206D1E8A9BDF00A55AA3 /* Build configuration list for PBXNativeTarget "test" */;
			buildPhases = (
				49FE20411E8A9BDE00A55AA3 /* Sources */,
				49FE20421E8A9BDE00A55AA3 /* Frameworks */,
				49FE20431E8A9BDE00A55AA3 /* Resources */,
			);
			buildRules = (
			);
			dependencies = (
			);
			name = test;
			productName = test;
			productReference = 49FE20451E8A9BDF00A55AA3 /* test.app */;
			productType = "com.apple.product-type.application";
		};
		49FE20581E8A9BDF00A55AA3 /* testTests */ = {
			isa = PBXNativeTarget;
			buildConfigurationList = 49FE20701E8A9BDF00A55AA3 /* Build configuration list for PBXNativeTarget "testTests" */;
			buildPhases = (
				49FE20551E8A9BDF00A55AA3 /* Sources */,
				49FE20561E8A9BDF00A55AA3 /* Frameworks */,
				49FE20571E8A9BDF00A55AA3 /* Resources */,
			);
			buildRules = (
			);
			dependencies = (
				49FE205B1E8A9BDF00A55AA3 /* PBXTargetDependency */,
			);
			name = testTests;
			productName = testTests;
			productReference = 49FE20591E8A9BDF00A55AA3 /* testTests.xctest */;
			productType = "com.apple.product-type.bundle.unit-test";
		};
		49FE20631E8A9BDF00A55AA3 /* testUITests */ = {
			isa = PBXNativeTarget;
			buildConfigurationList = 49FE20731E8A9BDF00A55AA3 /* Build configuration list for PBXNativeTarget "testUITests" */;
			buildPhases = (
				49FE20601E8A9BDF00A55AA3 /* Sources */,
				49FE20611E8A9BDF00A55AA3 /* Frameworks */,
				49FE20621E8A9BDF00A55AA3 /* Resources */,
			);
			buildRules = (
			);
			dependencies = (
				49FE20661E8A9BDF00A55AA3 /* PBXTargetDependency */,
			);
			name = testUITests;
			productName = testUITests;
			productReference = 49FE20641E8A9BDF00A55AA3 /* testUITests.xctest */;
			productType = "com.apple.product-type.bundle.ui-testing";
		};
/* End PBXNativeTarget section */

/* Begin PBXProject section */
		49FE203D1E8A9BDE00A55AA3 /* Project object */ = {
			isa = PBXProject;
			attributes = {
				LastSwiftUpdateCheck = 0820;
				LastUpgradeCheck = 0820;
				ORGANIZATIONNAME = "王君傑";
				TargetAttributes = {
					49FE20441E8A9BDE00A55AA3 = {
						CreatedOnToolsVersion = 8.2.1;
						ProvisioningStyle = Automatic;
					};
					49FE20581E8A9BDF00A55AA3 = {
						CreatedOnToolsVersion = 8.2.1;
						ProvisioningStyle = Automatic;
						TestTargetID = 49FE20441E8A9BDE00A55AA3;
					};
					49FE20631E8A9BDF00A55AA3 = {
						CreatedOnToolsVersion = 8.2.1;
						ProvisioningStyle = Automatic;
						TestTargetID = 49FE20441E8A9BDE00A55AA3;
					};
				};
			};
			buildConfigurationList = 49FE20401E8A9BDE00A55AA3 /* Build configuration list for PBXProject "test" */;
			compatibilityVersion = "Xcode 3.2";
			developmentRegion = English;
			hasScannedForEncodings = 0;
			knownRegions = (
				en,
				Base,
			);
			mainGroup = 49FE203C1E8A9BDE00A55AA3;
			productRefGroup = 49FE20461E8A9BDF00A55AA3 /* Products */;
			projectDirPath = "";
			projectRoot = "";
			targets = (
				49FE20441E8A9BDE00A55AA3 /* test */,
				49FE20581E8A9BDF00A55AA3 /* testTests */,
				49FE20631E8A9BDF00A55AA3 /* testUITests */,
			);
		};
/* End PBXProject section */

/* Begin PBXResourcesBuildPhase section */
		49FE20431E8A9BDE00A55AA3 /* Resources */ = {
			isa = PBXResourcesBuildPhase;
			buildActionMask = 2147483647;
			files = (
				49FE20531E8A9BDF00A55AA3 /* LaunchScreen.storyboard in Resources */,
				49FE20501E8A9BDF00A55AA3 /* Assets.xcassets in Resources */,
				49FE204E1E8A9BDF00A55AA3 /* Main.storyboard in Resources */,
			);
			runOnlyForDeploymentPostprocessing = 0;
		};
		49FE20571E8A9BDF00A55AA3 /* Resources */ = {
			isa = PBXResourcesBuildPhase;
			buildActionMask = 2147483647;
			files = (
			);
			runOnlyForDeploymentPostprocessing = 0;
		};
		49FE20621E8A9BDF00A55AA3 /* Resources */ = {
			isa = PBXResourcesBuildPhase;
			buildActionMask = 2147483647;
			files = (
			);
			runOnlyForDeploymentPostprocessing = 0;
		};
/* End PBXResourcesBuildPhase section */

/* Begin PBXSourcesBuildPhase section */
		49FE20411E8A9BDE00A55AA3 /* Sources */ = {
			isa = PBXSourcesBuildPhase;
			buildActionMask = 2147483647;
			files = (
				49FE204B1E8A9BDF00A55AA3 /* ViewController.swift in Sources */,
				49FE20491E8A9BDF00A55AA3 /* AppDelegate.swift in Sources */,
			);
			runOnlyForDeploymentPostprocessing = 0;
		};
		49FE20551E8A9BDF00A55AA3 /* Sources */ = {
			isa = PBXSourcesBuildPhase;
			buildActionMask = 2147483647;
			files = (
				49FE205E1E8A9BDF00A55AA3 /* testTests.swift in Sources */,
			);
			runOnlyForDeploymentPostprocessing = 0;
		};
		49FE20601E8A9BDF00A55AA3 /* Sources */ = {
			isa = PBXSourcesBuildPhase;
			buildActionMask = 2147483647;
			files = (
				49FE20691E8A9BDF00A55AA3 /* testUITests.swift in Sources */,
			);
			runOnlyForDeploymentPostprocessing = 0;
		};
/* End PBXSourcesBuildPhase section */

/* Begin PBXTargetDependency section */
		49FE205B1E8A9BDF00A55AA3 /* PBXTargetDependency */ = {
			isa = PBXTargetDependency;
			target = 49FE20441E8A9BDE00A55AA3 /* test */;
			targetProxy = 49FE205A1E8A9BDF00A55AA3 /* PBXContainerItemProxy */;
		};
		49FE20661E8A9BDF00A55AA3 /* PBXTargetDependency */ = {
			isa = PBXTargetDependency;
			target = 49FE20441E8A9BDE00A55AA3 /* test */;
			targetProxy = 49FE20651E8A9BDF00A55AA3 /* PBXContainerItemProxy */;
		};
/* End PBXTargetDependency section */

/* Begin PBXVariantGroup section */
		49FE204C1E8A9BDF00A55AA3 /* Main.storyboard */ = {
			isa = PBXVariantGroup;
			children = (
				49FE204D1E8A9BDF00A55AA3 /* Base */,
			);
			name = Main.storyboard;
			sourceTree = "<group>";
		};
		49FE20511E8A9BDF00A55AA3 /* LaunchScreen.storyboard */ = {
			isa = PBXVariantGroup;
			children = (
				49FE20521E8A9BDF00A55AA3 /* Base */,
			);
			name = LaunchScreen.storyboard;
			sourceTree = "<group>";
		};
/* End PBXVariantGroup section */

/* Begin XCBuildConfiguration section */
		49FE206B1E8A9BDF00A55AA3 /* Debug */ = {
			isa = XCBuildConfiguration;
			buildSettings = {
				ALWAYS_SEARCH_USER_PATHS = NO;
				CLANG_ANALYZER_NONNULL = YES;
				CLANG_CXX_LANGUAGE_STANDARD = "gnu++0x";
				CLANG_CXX_LIBRARY = "libc++";
				CLANG_ENABLE_MODULES = YES;
				CLANG_ENABLE_OBJC_ARC = YES;
				CLANG_WARN_BOOL_CONVERSION = YES;
				CLANG_WARN_CONSTANT_CONVERSION = YES;
				CLANG_WARN_DIRECT_OBJC_ISA_USAGE = YES_ERROR;
				CLANG_WARN_DOCUMENTATION_COMMENTS = YES;
				CLANG_WARN_EMPTY_BODY = YES;
				CLANG_WARN_ENUM_CONVERSION = YES;
				CLANG_WARN_INFINITE_RECURSION = YES;
				CLANG_WARN_INT_CONVERSION = YES;
				CLANG_WARN_OBJC_ROOT_CLASS = YES_ERROR;
				CLANG_WARN_SUSPICIOUS_MOVE = YES;
				CLANG_WARN_UNREACHABLE_CODE = YES;
				CLANG_WARN__DUPLICATE_METHOD_MATCH = YES;
				"CODE_SIGN_IDENTITY[sdk=iphoneos*]" = "iPhone Developer";
				COPY_PHASE_STRIP = NO;
				DEBUG_INFORMATION_FORMAT = dwarf;
				ENABLE_STRICT_OBJC_MSGSEND = YES;
				ENABLE_TESTABILITY = YES;
				GCC_C_LANGUAGE_STANDARD = gnu99;
				GCC_DYNAMIC_NO_PIC = NO;
				GCC_NO_COMMON_BLOCKS = YES;
				GCC_OPTIMIZATION_LEVEL = 0;
				GCC_PREPROCESSOR_DEFINITIONS = (
					"DEBUG=1",
					"$(inherited)",
				);
				GCC_WARN_64_TO_32_BIT_CONVERSION = YES;
				GCC_WARN_ABOUT_RETURN_TYPE = YES_ERROR;
				GCC_WARN_UNDECLARED_SELECTOR = YES;
				GCC_WARN_UNINITIALIZED_AUTOS = YES_AGGRESSIVE;
				GCC_WARN_UNUSED_FUNCTION = YES;
				GCC_WARN_UNUSED_VARIABLE = YES;
				IPHONEOS_DEPLOYMENT_TARGET = 10.2;
				MTL_ENABLE_DEBUG_INFO = YES;
				ONLY_ACTIVE_ARCH = YES;
				SDKROOT = iphoneos;
				SWIFT_ACTIVE_COMPILATION_CONDITIONS = DEBUG;
				SWIFT_OPTIMIZATION_LEVEL = "-Onone";
				TARGETED_DEVICE_FAMILY = "1,2";
			};
			name = Debug;
		};
		49FE206C1E8A9BDF00A55AA3 /* Release */ = {
			isa = XCBuildConfiguration;
			buildSettings = {
				ALWAYS_SEARCH_USER_PATHS = NO;
				CLANG_ANALYZER_NONNULL = YES;
				CLANG_CXX_LANGUAGE_STANDARD = "gnu++0x";
				CLANG_CXX_LIBRARY = "libc++";
				CLANG_ENABLE_MODULES = YES;
				CLANG_ENABLE_OBJC_ARC = YES;
				CLANG_WARN_BOOL_CONVERSION = YES;
				CLANG_WARN_CONSTANT_CONVERSION = YES;
				CLANG_WARN_DIRECT_OBJC_ISA_USAGE = YES_ERROR;
				CLANG_WARN_DOCUMENTATION_COMMENTS = YES;
				CLANG_WARN_EMPTY_BODY = YES;
				CLANG_WARN_ENUM_CONVERSION = YES;
				CLANG_WARN_INFINITE_RECURSION = YES;
				CLANG_WARN_INT_CONVERSION = YES;
				CLANG_WARN_OBJC_ROOT_CLASS = YES_ERROR;
				CLANG_WARN_SUSPICIOUS_MOVE = YES;
				CLANG_WARN_UNREACHABLE_CODE = YES;
				CLANG_WARN__DUPLICATE_METHOD_MATCH = YES;
				"CODE_SIGN_IDENTITY[sdk=iphoneos*]" = "iPhone Developer";
				COPY_PHASE_STRIP = NO;
				DEBUG_INFORMATION_FORMAT = "dwarf-with-dsym";
				ENABLE_NS_ASSERTIONS = NO;
				ENABLE_STRICT_OBJC_MSGSEND = YES;
				GCC_C_LANGUAGE_STANDARD = gnu99;
				GCC_NO_COMMON_BLOCKS = YES;
				GCC_WARN_64_TO_32_BIT_CONVERSION = YES;
				GCC_WARN_ABOUT_RETURN_TYPE = YES_ERROR;
				GCC_WARN_UNDECLARED_SELECTOR = YES;
				GCC_WARN_UNINITIALIZED_AUTOS = YES_AGGRESSIVE;
				GCC_WARN_UNUSED_FUNCTION = YES;
				GCC_WARN_UNUSED_VARIABLE = YES;
				IPHONEOS_DEPLOYMENT_TARGET = 10.2;
				MTL_ENABLE_DEBUG_INFO = NO;
				SDKROOT = iphoneos;
				SWIFT_OPTIMIZATION_LEVEL = "-Owholemodule";
				TARGETED_DEVICE_FAMILY = "1,2";
				VALIDATE_PRODUCT = YES;
			};
			name = Release;
		};
		49FE206E1E8A9BDF00A55AA3 /* Debug */ = {
			isa = XCBuildConfiguration;
			buildSettings = {
				ASSETCATALOG_COMPILER_APPICON_NAME = AppIcon;
				INFOPLIST_FILE = test/Info.plist;
				LD_RUNPATH_SEARCH_PATHS = "$(inherited) @executable_path/Frameworks";
				PRODUCT_BUNDLE_IDENTIFIER = abc.test;
				PRODUCT_NAME = "$(TARGET_NAME)";
				SWIFT_VERSION = 3.0;
			};
			name = Debug;
		};
		49FE206F1E8A9BDF00A55AA3 /* Release */ = {
			isa = XCBuildConfiguration;
			buildSettings = {
				ASSETCATALOG_COMPILER_APPICON_NAME = AppIcon;
				INFOPLIST_FILE = test/Info.plist;
				LD_RUNPATH_SEARCH_PATHS = "$(inherited) @executable_path/Frameworks";
				PRODUCT_BUNDLE_IDENTIFIER = abc.test;
				PRODUCT_NAME = "$(TARGET_NAME)";
				SWIFT_VERSION = 3.0;
			};
			name = Release;
		};
		49FE20711E8A9BDF00A55AA3 /* Debug */ = {
			isa = XCBuildConfiguration;
			buildSettings = {
				ALWAYS_EMBED_SWIFT_STANDARD_LIBRARIES = YES;
				BUNDLE_LOADER = "$(TEST_HOST)";
				INFOPLIST_FILE = testTests/Info.plist;
				LD_RUNPATH_SEARCH_PATHS = "$(inherited) @executable_path/Frameworks @loader_path/Frameworks";
				PRODUCT_BUNDLE_IDENTIFIER = abc.testTests;
				PRODUCT_NAME = "$(TARGET_NAME)";
				SWIFT_VERSION = 3.0;
				TEST_HOST = "$(BUILT_PRODUCTS_DIR)/test.app/test";
			};
			name = Debug;
		};
		49FE20721E8A9BDF00A55AA3 /* Release */ = {
			isa = XCBuildConfiguration;
			buildSettings = {
				ALWAYS_EMBED_SWIFT_STANDARD_LIBRARIES = YES;
				BUNDLE_LOADER = "$(TEST_HOST)";
				INFOPLIST_FILE = testTests/Info.plist;
				LD_RUNPATH_SEARCH_PATHS = "$(inherited) @executable_path/Frameworks @loader_path/Frameworks";
				PRODUCT_BUNDLE_IDENTIFIER = abc.testTests;
				PRODUCT_NAME = "$(TARGET_NAME)";
				SWIFT_VERSION = 3.0;
				TEST_HOST = "$(BUILT_PRODUCTS_DIR)/test.app/test";
			};
			name = Release;
		};
		49FE20741E8A9BDF00A55AA3 /* Debug */ = {
			isa = XCBuildConfiguration;
			buildSettings = {
				ALWAYS_EMBED_SWIFT_STANDARD_LIBRARIES = YES;
				INFOPLIST_FILE = testUITests/Info.plist;
				LD_RUNPATH_SEARCH_PATHS = "$(inherited) @executable_path/Frameworks @loader_path/Frameworks";
				PRODUCT_BUNDLE_IDENTIFIER = abc.testUITests;
				PRODUCT_NAME = "$(TARGET_NAME)";
				SWIFT_VERSION = 3.0;
				TEST_TARGET_NAME = test;
			};
			name = Debug;
		};
		49FE20751E8A9BDF00A55AA3 /* Release */ = {
			isa = XCBuildConfiguration;
			buildSettings = {
				ALWAYS_EMBED_SWIFT_STANDARD_LIBRARIES = YES;
				INFOPLIST_FILE = testUITests/Info.plist;
				LD_RUNPATH_SEARCH_PATHS = "$(inherited) @executable_path/Frameworks @loader_path/Frameworks";
				PRODUCT_BUNDLE_IDENTIFIER = abc.testUITests;
				PRODUCT_NAME = "$(TARGET_NAME)";
				SWIFT_VERSION = 3.0;
				TEST_TARGET_NAME = test;
			};
			name = Release;
		};
/* End XCBuildConfiguration section */

/* Begin XCConfigurationList section */
		49FE20401E8A9BDE00A55AA3 /* Build configuration list for PBXProject "test" */ = {
			isa = XCConfigurationList;
			buildConfigurations = (
				49FE206B1E8A9BDF00A55AA3 /* Debug */,
				49FE206C1E8A9BDF00A55AA3 /* Release */,
			);
			defaultConfigurationIsVisible = 0;
			defaultConfigurationName = Release;
		};
		49FE206D1E8A9BDF00A55AA3 /* Build configuration list for PBXNativeTarget "test" */ = {
			isa = XCConfigurationList;
			buildConfigurations = (
				49FE206E1E8A9BDF00A55AA3 /* Debug */,
				49FE206F1E8A9BDF00A55AA3 /* Release */,
			);
			defaultConfigurationIsVisible = 0;
		};
		49FE20701E8A9BDF00A55AA3 /* Build configuration list for PBXNativeTarget "testTests" */ = {
			isa = XCConfigurationList;
			buildConfigurations = (
				49FE20711E8A9BDF00A55AA3 /* Debug */,
				49FE20721E8A9BDF00A55AA3 /* Release */,
			);
			defaultConfigurationIsVisible = 0;
		};
		49FE20731E8A9BDF00A55AA3 /* Build configuration list for PBXNativeTarget "testUITests" */ = {
			isa = XCConfigurationList;
			buildConfigurations = (
				49FE20741E8A9BDF00A55AA3 /* Debug */,
				49FE20751E8A9BDF00A55AA3 /* Release */,
			);
			defaultConfigurationIsVisible = 0;
		};
/* End XCConfigurationList section */
	};
	rootObject = 49FE203D1E8A9BDE00A55AA3 /* Project object */;
}
